// !$*UTF8*$!
{
	archiveVersion = 1;
	classes = {
	};
	objectVersion = 46;
	objects = {

/* Begin PBXBuildFile section */
		2AA7000D1A16BC5D00EF8628 /* VidaHomeTests.m in Sources */ = {isa = PBXBuildFile; fileRef = 2AA7000C1A16BC5D00EF8628 /* VidaHomeTests.m */; };
		2AA700191A16BC9100EF8628 /* ApplicationStyle.m in Sources */ = {isa = PBXBuildFile; fileRef = 2AA700181A16BC9100EF8628 /* ApplicationStyle.m */; };
		2AA700251A16BD0C00EF8628 /* CenterViewController.m in Sources */ = {isa = PBXBuildFile; fileRef = 2AA7001E1A16BD0C00EF8628 /* CenterViewController.m */; };
		2AA700261A16BD0C00EF8628 /* LightViewController.m in Sources */ = {isa = PBXBuildFile; fileRef = 2AA700201A16BD0C00EF8628 /* LightViewController.m */; };
		2AA700271A16BD0C00EF8628 /* SideBarViewController.m in Sources */ = {isa = PBXBuildFile; fileRef = 2AA700221A16BD0C00EF8628 /* SideBarViewController.m */; };
		2AA700281A16BD0C00EF8628 /* SplashScreenViewController.m in Sources */ = {isa = PBXBuildFile; fileRef = 2AA700241A16BD0C00EF8628 /* SplashScreenViewController.m */; };
		2AA7002C1A16BDA200EF8628 /* Convenience.m in Sources */ = {isa = PBXBuildFile; fileRef = 2AA7002B1A16BDA200EF8628 /* Convenience.m */; };
		2AA700331A16BE4500EF8628 /* IIViewDeckController+SharedInstance.m in Sources */ = {isa = PBXBuildFile; fileRef = 2AA7002F1A16BE4500EF8628 /* IIViewDeckController+SharedInstance.m */; };
		2AA700341A16BE4500EF8628 /* NetworkManager.m in Sources */ = {isa = PBXBuildFile; fileRef = 2AA700321A16BE4500EF8628 /* NetworkManager.m */; };
		2AA7FFF31A16BC5D00EF8628 /* main.m in Sources */ = {isa = PBXBuildFile; fileRef = 2AA7FFF21A16BC5D00EF8628 /* main.m */; };
		2AA7FFF61A16BC5D00EF8628 /* AppDelegate.m in Sources */ = {isa = PBXBuildFile; fileRef = 2AA7FFF51A16BC5D00EF8628 /* AppDelegate.m */; };
		2AA7FFFE1A16BC5D00EF8628 /* Images.xcassets in Resources */ = {isa = PBXBuildFile; fileRef = 2AA7FFFD1A16BC5D00EF8628 /* Images.xcassets */; };
		2ADD7C801A5DDFDB00D1C601 /* CoreBluetooth.framework in Frameworks */ = {isa = PBXBuildFile; fileRef = 2ADD7C7F1A5DDFDB00D1C601 /* CoreBluetooth.framework */; };
		2ADD7C821A5DDFE700D1C601 /* CoreLocation.framework in Frameworks */ = {isa = PBXBuildFile; fileRef = 2ADD7C811A5DDFE700D1C601 /* CoreLocation.framework */; };
		2ADD7C841A5DDFEE00D1C601 /* CoreData.framework in Frameworks */ = {isa = PBXBuildFile; fileRef = 2ADD7C831A5DDFEE00D1C601 /* CoreData.framework */; };
		2ADD7C861A5DDFF800D1C601 /* libz.dylib in Frameworks */ = {isa = PBXBuildFile; fileRef = 2ADD7C851A5DDFF800D1C601 /* libz.dylib */; };
		2ADD7C881A5DDFFF00D1C601 /* MapKit.framework in Frameworks */ = {isa = PBXBuildFile; fileRef = 2ADD7C871A5DDFFF00D1C601 /* MapKit.framework */; };
		2ADD7C8A1A5DE00900D1C601 /* Security.framework in Frameworks */ = {isa = PBXBuildFile; fileRef = 2ADD7C891A5DE00900D1C601 /* Security.framework */; };
		2ADD7CAC1A5DE07D00D1C601 /* Common.framework in Frameworks */ = {isa = PBXBuildFile; fileRef = 2ADD7CA01A5DE07D00D1C601 /* Common.framework */; };
		2ADD7CAD1A5DE07D00D1C601 /* ContextCore.framework in Frameworks */ = {isa = PBXBuildFile; fileRef = 2ADD7CA21A5DE07D00D1C601 /* ContextCore.framework */; };
		2ADD7CAE1A5DE07D00D1C601 /* ContextLocation.framework in Frameworks */ = {isa = PBXBuildFile; fileRef = 2ADD7CA41A5DE07D00D1C601 /* ContextLocation.framework */; };
		2ADD7CAF1A5DE07D00D1C601 /* DataModels.bundle in Resources */ = {isa = PBXBuildFile; fileRef = 2ADD7CA61A5DE07D00D1C601 /* DataModels.bundle */; };
		2ADD7CB01A5DE07D00D1C601 /* ContextProfiling.framework in Frameworks */ = {isa = PBXBuildFile; fileRef = 2ADD7CA81A5DE07D00D1C601 /* ContextProfiling.framework */; };
		2ADD7CB11A5DE07E00D1C601 /* FYX.framework in Frameworks */ = {isa = PBXBuildFile; fileRef = 2ADD7CA91A5DE07D00D1C601 /* FYX.framework */; };
		2ADD7CB21A5DE07E00D1C601 /* NetworkServices.framework in Frameworks */ = {isa = PBXBuildFile; fileRef = 2ADD7CAB1A5DE07D00D1C601 /* NetworkServices.framework */; };
		2ADD7CB61A5DE4FB00D1C601 /* BeaconViewController.m in Sources */ = {isa = PBXBuildFile; fileRef = 2ADD7CB51A5DE4FB00D1C601 /* BeaconViewController.m */; };
		2ADD7CB91A5DEAA300D1C601 /* Transmitter.m in Sources */ = {isa = PBXBuildFile; fileRef = 2ADD7CB81A5DEAA300D1C601 /* Transmitter.m */; };
		2ADD7CBC1A5DEBE900D1C601 /* BeaconTableViewCell.m in Sources */ = {isa = PBXBuildFile; fileRef = 2ADD7CBB1A5DEBE900D1C601 /* BeaconTableViewCell.m */; };
		6F345D951A170C3F00FC1266 /* GenericViewController.m in Sources */ = {isa = PBXBuildFile; fileRef = 6F345D941A170C3F00FC1266 /* GenericViewController.m */; };
		6F345D9D1A170CAD00FC1266 /* ColorPickerViewController.m in Sources */ = {isa = PBXBuildFile; fileRef = 6F345D9C1A170CAD00FC1266 /* ColorPickerViewController.m */; };
		6F345DA11A1718F200FC1266 /* ACViewController.m in Sources */ = {isa = PBXBuildFile; fileRef = 6F345DA01A1718F200FC1266 /* ACViewController.m */; };
		6F345DA81A17261F00FC1266 /* PlusMinusButton.m in Sources */ = {isa = PBXBuildFile; fileRef = 6F345DA51A17261F00FC1266 /* PlusMinusButton.m */; };
		6F345DA91A17261F00FC1266 /* PlusMinusButtonView.m in Sources */ = {isa = PBXBuildFile; fileRef = 6F345DA71A17261F00FC1266 /* PlusMinusButtonView.m */; };
		6F345DAD1A172BF000FC1266 /* DoorViewController.m in Sources */ = {isa = PBXBuildFile; fileRef = 6F345DAC1A172BF000FC1266 /* DoorViewController.m */; };
		6FBA8A261B030F5B00C6B3C4 /* libAprilBeaconSDK.a in Frameworks */ = {isa = PBXBuildFile; fileRef = 6FBA8A251B030F5B00C6B3C4 /* libAprilBeaconSDK.a */; };
		8E132F9B1A788C12004B5F83 /* MainViewController.m in Sources */ = {isa = PBXBuildFile; fileRef = 8E132F9A1A788C12004B5F83 /* MainViewController.m */; };
		8E3ABE171AFC25BD00131C02 /* libABLightSDK.a in Frameworks */ = {isa = PBXBuildFile; fileRef = 8E3ABE161AFC25BD00131C02 /* libABLightSDK.a */; };
		C3509CE01605A306D318759C /* libPods.a in Frameworks */ = {isa = PBXBuildFile; fileRef = 1744B4536F593E19B7F7DD9F /* libPods.a */; };
/* End PBXBuildFile section */

/* Begin PBXContainerItemProxy section */
		2AA700071A16BC5D00EF8628 /* PBXContainerItemProxy */ = {
			isa = PBXContainerItemProxy;
			containerPortal = 2AA7FFE51A16BC5D00EF8628 /* Project object */;
			proxyType = 1;
			remoteGlobalIDString = 2AA7FFEC1A16BC5D00EF8628;
			remoteInfo = VidaHome;
		};
/* End PBXContainerItemProxy section */

/* Begin PBXFileReference section */
		1744B4536F593E19B7F7DD9F /* libPods.a */ = {isa = PBXFileReference; explicitFileType = archive.ar; includeInIndex = 0; path = libPods.a; sourceTree = BUILT_PRODUCTS_DIR; };
		2AA700061A16BC5D00EF8628 /* VidaHomeTests.xctest */ = {isa = PBXFileReference; explicitFileType = wrapper.cfbundle; includeInIndex = 0; path = VidaHomeTests.xctest; sourceTree = BUILT_PRODUCTS_DIR; };
		2AA7000B1A16BC5D00EF8628 /* Info.plist */ = {isa = PBXFileReference; lastKnownFileType = text.plist.xml; path = Info.plist; sourceTree = "<group>"; };
		2AA7000C1A16BC5D00EF8628 /* VidaHomeTests.m */ = {isa = PBXFileReference; lastKnownFileType = sourcecode.c.objc; path = VidaHomeTests.m; sourceTree = "<group>"; };
		2AA700161A16BC9100EF8628 /* ApplicationConstants.h */ = {isa = PBXFileReference; fileEncoding = 4; lastKnownFileType = sourcecode.c.h; path = ApplicationConstants.h; sourceTree = "<group>"; };
		2AA700171A16BC9100EF8628 /* ApplicationStyle.h */ = {isa = PBXFileReference; fileEncoding = 4; lastKnownFileType = sourcecode.c.h; path = ApplicationStyle.h; sourceTree = "<group>"; };
		2AA700181A16BC9100EF8628 /* ApplicationStyle.m */ = {isa = PBXFileReference; fileEncoding = 4; lastKnownFileType = sourcecode.c.objc; path = ApplicationStyle.m; sourceTree = "<group>"; };
		2AA7001D1A16BD0C00EF8628 /* CenterViewController.h */ = {isa = PBXFileReference; fileEncoding = 4; lastKnownFileType = sourcecode.c.h; name = CenterViewController.h; path = Controllers/CenterViewController.h; sourceTree = "<group>"; };
		2AA7001E1A16BD0C00EF8628 /* CenterViewController.m */ = {isa = PBXFileReference; fileEncoding = 4; lastKnownFileType = sourcecode.c.objc; name = CenterViewController.m; path = Controllers/CenterViewController.m; sourceTree = "<group>"; };
		2AA7001F1A16BD0C00EF8628 /* LightViewController.h */ = {isa = PBXFileReference; fileEncoding = 4; lastKnownFileType = sourcecode.c.h; name = LightViewController.h; path = Controllers/LightViewController.h; sourceTree = "<group>"; };
		2AA700201A16BD0C00EF8628 /* LightViewController.m */ = {isa = PBXFileReference; fileEncoding = 4; lastKnownFileType = sourcecode.c.objc; name = LightViewController.m; path = Controllers/LightViewController.m; sourceTree = "<group>"; };
		2AA700211A16BD0C00EF8628 /* SideBarViewController.h */ = {isa = PBXFileReference; fileEncoding = 4; lastKnownFileType = sourcecode.c.h; name = SideBarViewController.h; path = Controllers/SideBarViewController.h; sourceTree = "<group>"; };
		2AA700221A16BD0C00EF8628 /* SideBarViewController.m */ = {isa = PBXFileReference; fileEncoding = 4; lastKnownFileType = sourcecode.c.objc; name = SideBarViewController.m; path = Controllers/SideBarViewController.m; sourceTree = "<group>"; };
		2AA700231A16BD0C00EF8628 /* SplashScreenViewController.h */ = {isa = PBXFileReference; fileEncoding = 4; lastKnownFileType = sourcecode.c.h; name = SplashScreenViewController.h; path = Controllers/SplashScreenViewController.h; sourceTree = "<group>"; };
		2AA700241A16BD0C00EF8628 /* SplashScreenViewController.m */ = {isa = PBXFileReference; fileEncoding = 4; lastKnownFileType = sourcecode.c.objc; name = SplashScreenViewController.m; path = Controllers/SplashScreenViewController.m; sourceTree = "<group>"; };
		2AA700291A16BD2100EF8628 /* Vida.pch */ = {isa = PBXFileReference; lastKnownFileType = sourcecode.c.h; path = Vida.pch; sourceTree = "<group>"; };
		2AA7002A1A16BDA200EF8628 /* Convenience.h */ = {isa = PBXFileReference; fileEncoding = 4; lastKnownFileType = sourcecode.c.h; path = Convenience.h; sourceTree = "<group>"; };
		2AA7002B1A16BDA200EF8628 /* Convenience.m */ = {isa = PBXFileReference; fileEncoding = 4; lastKnownFileType = sourcecode.c.objc; path = Convenience.m; sourceTree = "<group>"; };
		2AA7002E1A16BE4500EF8628 /* IIViewDeckController+SharedInstance.h */ = {isa = PBXFileReference; fileEncoding = 4; lastKnownFileType = sourcecode.c.h; name = "IIViewDeckController+SharedInstance.h"; path = "Models/IIViewDeckController+SharedInstance.h"; sourceTree = "<group>"; };
		2AA7002F1A16BE4500EF8628 /* IIViewDeckController+SharedInstance.m */ = {isa = PBXFileReference; fileEncoding = 4; lastKnownFileType = sourcecode.c.objc; name = "IIViewDeckController+SharedInstance.m"; path = "Models/IIViewDeckController+SharedInstance.m"; sourceTree = "<group>"; };
		2AA700311A16BE4500EF8628 /* NetworkManager.h */ = {isa = PBXFileReference; fileEncoding = 4; lastKnownFileType = sourcecode.c.h; path = NetworkManager.h; sourceTree = "<group>"; };
		2AA700321A16BE4500EF8628 /* NetworkManager.m */ = {isa = PBXFileReference; fileEncoding = 4; lastKnownFileType = sourcecode.c.objc; path = NetworkManager.m; sourceTree = "<group>"; };
		2AA7FFED1A16BC5D00EF8628 /* VidaHome.app */ = {isa = PBXFileReference; explicitFileType = wrapper.application; includeInIndex = 0; path = VidaHome.app; sourceTree = BUILT_PRODUCTS_DIR; };
		2AA7FFF11A16BC5D00EF8628 /* Info.plist */ = {isa = PBXFileReference; lastKnownFileType = text.plist.xml; path = Info.plist; sourceTree = "<group>"; };
		2AA7FFF21A16BC5D00EF8628 /* main.m */ = {isa = PBXFileReference; lastKnownFileType = sourcecode.c.objc; path = main.m; sourceTree = "<group>"; };
		2AA7FFF41A16BC5D00EF8628 /* AppDelegate.h */ = {isa = PBXFileReference; lastKnownFileType = sourcecode.c.h; path = AppDelegate.h; sourceTree = "<group>"; };
		2AA7FFF51A16BC5D00EF8628 /* AppDelegate.m */ = {isa = PBXFileReference; lastKnownFileType = sourcecode.c.objc; path = AppDelegate.m; sourceTree = "<group>"; };
		2AA7FFFD1A16BC5D00EF8628 /* Images.xcassets */ = {isa = PBXFileReference; lastKnownFileType = folder.assetcatalog; path = Images.xcassets; sourceTree = "<group>"; };
		2ADD7C751A5DDF0400D1C601 /* Common.framework */ = {isa = PBXFileReference; lastKnownFileType = wrapper.framework; name = Common.framework; path = ../../../Downloads/gimbalsdk_1.29.1_ios/Frameworks/Common.embeddedframework/Common.framework; sourceTree = "<group>"; };
		2ADD7C771A5DDF2800D1C601 /* ContextCore.framework */ = {isa = PBXFileReference; lastKnownFileType = wrapper.framework; name = ContextCore.framework; path = ../../../Downloads/gimbalsdk_1.29.1_ios/Frameworks/ContextCore.embeddedframework/ContextCore.framework; sourceTree = "<group>"; };
		2ADD7C791A5DDF3700D1C601 /* ContextLocation.framework */ = {isa = PBXFileReference; lastKnownFileType = wrapper.framework; name = ContextLocation.framework; path = ../../../Downloads/gimbalsdk_1.29.1_ios/Frameworks/ContextLocation.embeddedframework/ContextLocation.framework; sourceTree = "<group>"; };
		2ADD7C7B1A5DDF4300D1C601 /* FYX.framework */ = {isa = PBXFileReference; lastKnownFileType = wrapper.framework; name = FYX.framework; path = ../../../Downloads/gimbalsdk_1.29.1_ios/Frameworks/FYX.framework; sourceTree = "<group>"; };
		2ADD7C7D1A5DDF5000D1C601 /* NetworkServices.framework */ = {isa = PBXFileReference; lastKnownFileType = wrapper.framework; name = NetworkServices.framework; path = ../../../Downloads/gimbalsdk_1.29.1_ios/Frameworks/NetworkServices.embeddedframework/NetworkServices.framework; sourceTree = "<group>"; };
		2ADD7C7F1A5DDFDB00D1C601 /* CoreBluetooth.framework */ = {isa = PBXFileReference; lastKnownFileType = wrapper.framework; name = CoreBluetooth.framework; path = System/Library/Frameworks/CoreBluetooth.framework; sourceTree = SDKROOT; };
		2ADD7C811A5DDFE700D1C601 /* CoreLocation.framework */ = {isa = PBXFileReference; lastKnownFileType = wrapper.framework; name = CoreLocation.framework; path = System/Library/Frameworks/CoreLocation.framework; sourceTree = SDKROOT; };
		2ADD7C831A5DDFEE00D1C601 /* CoreData.framework */ = {isa = PBXFileReference; lastKnownFileType = wrapper.framework; name = CoreData.framework; path = System/Library/Frameworks/CoreData.framework; sourceTree = SDKROOT; };
		2ADD7C851A5DDFF800D1C601 /* libz.dylib */ = {isa = PBXFileReference; lastKnownFileType = "compiled.mach-o.dylib"; name = libz.dylib; path = usr/lib/libz.dylib; sourceTree = SDKROOT; };
		2ADD7C871A5DDFFF00D1C601 /* MapKit.framework */ = {isa = PBXFileReference; lastKnownFileType = wrapper.framework; name = MapKit.framework; path = System/Library/Frameworks/MapKit.framework; sourceTree = SDKROOT; };
		2ADD7C891A5DE00900D1C601 /* Security.framework */ = {isa = PBXFileReference; lastKnownFileType = wrapper.framework; name = Security.framework; path = System/Library/Frameworks/Security.framework; sourceTree = SDKROOT; };
		2ADD7CA01A5DE07D00D1C601 /* Common.framework */ = {isa = PBXFileReference; lastKnownFileType = wrapper.framework; path = Common.framework; sourceTree = "<group>"; };
		2ADD7CA21A5DE07D00D1C601 /* ContextCore.framework */ = {isa = PBXFileReference; lastKnownFileType = wrapper.framework; path = ContextCore.framework; sourceTree = "<group>"; };
		2ADD7CA41A5DE07D00D1C601 /* ContextLocation.framework */ = {isa = PBXFileReference; lastKnownFileType = wrapper.framework; path = ContextLocation.framework; sourceTree = "<group>"; };
		2ADD7CA61A5DE07D00D1C601 /* DataModels.bundle */ = {isa = PBXFileReference; lastKnownFileType = "wrapper.plug-in"; path = DataModels.bundle; sourceTree = "<group>"; };
		2ADD7CA81A5DE07D00D1C601 /* ContextProfiling.framework */ = {isa = PBXFileReference; lastKnownFileType = wrapper.framework; path = ContextProfiling.framework; sourceTree = "<group>"; };
		2ADD7CA91A5DE07D00D1C601 /* FYX.framework */ = {isa = PBXFileReference; lastKnownFileType = wrapper.framework; path = FYX.framework; sourceTree = "<group>"; };
		2ADD7CAB1A5DE07D00D1C601 /* NetworkServices.framework */ = {isa = PBXFileReference; lastKnownFileType = wrapper.framework; path = NetworkServices.framework; sourceTree = "<group>"; };
		2ADD7CB41A5DE4FB00D1C601 /* BeaconViewController.h */ = {isa = PBXFileReference; fileEncoding = 4; lastKnownFileType = sourcecode.c.h; name = BeaconViewController.h; path = Controllers/BeaconViewController.h; sourceTree = "<group>"; };
		2ADD7CB51A5DE4FB00D1C601 /* BeaconViewController.m */ = {isa = PBXFileReference; fileEncoding = 4; lastKnownFileType = sourcecode.c.objc; name = BeaconViewController.m; path = Controllers/BeaconViewController.m; sourceTree = "<group>"; };
		2ADD7CB71A5DEAA300D1C601 /* Transmitter.h */ = {isa = PBXFileReference; fileEncoding = 4; lastKnownFileType = sourcecode.c.h; path = Transmitter.h; sourceTree = "<group>"; };
		2ADD7CB81A5DEAA300D1C601 /* Transmitter.m */ = {isa = PBXFileReference; fileEncoding = 4; lastKnownFileType = sourcecode.c.objc; path = Transmitter.m; sourceTree = "<group>"; };
		2ADD7CBA1A5DEBE900D1C601 /* BeaconTableViewCell.h */ = {isa = PBXFileReference; fileEncoding = 4; lastKnownFileType = sourcecode.c.h; path = BeaconTableViewCell.h; sourceTree = "<group>"; };
		2ADD7CBB1A5DEBE900D1C601 /* BeaconTableViewCell.m */ = {isa = PBXFileReference; fileEncoding = 4; lastKnownFileType = sourcecode.c.objc; path = BeaconTableViewCell.m; sourceTree = "<group>"; };
		6F345D931A170C3F00FC1266 /* GenericViewController.h */ = {isa = PBXFileReference; fileEncoding = 4; lastKnownFileType = sourcecode.c.h; name = GenericViewController.h; path = Controllers/GenericViewController.h; sourceTree = "<group>"; };
		6F345D941A170C3F00FC1266 /* GenericViewController.m */ = {isa = PBXFileReference; fileEncoding = 4; lastKnownFileType = sourcecode.c.objc; name = GenericViewController.m; path = Controllers/GenericViewController.m; sourceTree = "<group>"; };
		6F345D9B1A170CAD00FC1266 /* ColorPickerViewController.h */ = {isa = PBXFileReference; fileEncoding = 4; lastKnownFileType = sourcecode.c.h; name = ColorPickerViewController.h; path = Controllers/ColorPickerViewController.h; sourceTree = "<group>"; };
		6F345D9C1A170CAD00FC1266 /* ColorPickerViewController.m */ = {isa = PBXFileReference; fileEncoding = 4; lastKnownFileType = sourcecode.c.objc; name = ColorPickerViewController.m; path = Controllers/ColorPickerViewController.m; sourceTree = "<group>"; };
		6F345D9F1A1718F200FC1266 /* ACViewController.h */ = {isa = PBXFileReference; fileEncoding = 4; lastKnownFileType = sourcecode.c.h; name = ACViewController.h; path = Controllers/ACViewController.h; sourceTree = "<group>"; };
		6F345DA01A1718F200FC1266 /* ACViewController.m */ = {isa = PBXFileReference; fileEncoding = 4; lastKnownFileType = sourcecode.c.objc; name = ACViewController.m; path = Controllers/ACViewController.m; sourceTree = "<group>"; };
		6F345DA41A17261F00FC1266 /* PlusMinusButton.h */ = {isa = PBXFileReference; fileEncoding = 4; lastKnownFileType = sourcecode.c.h; path = PlusMinusButton.h; sourceTree = "<group>"; };
		6F345DA51A17261F00FC1266 /* PlusMinusButton.m */ = {isa = PBXFileReference; fileEncoding = 4; lastKnownFileType = sourcecode.c.objc; path = PlusMinusButton.m; sourceTree = "<group>"; };
		6F345DA61A17261F00FC1266 /* PlusMinusButtonView.h */ = {isa = PBXFileReference; fileEncoding = 4; lastKnownFileType = sourcecode.c.h; path = PlusMinusButtonView.h; sourceTree = "<group>"; };
		6F345DA71A17261F00FC1266 /* PlusMinusButtonView.m */ = {isa = PBXFileReference; fileEncoding = 4; lastKnownFileType = sourcecode.c.objc; path = PlusMinusButtonView.m; sourceTree = "<group>"; };
		6F345DAB1A172BF000FC1266 /* DoorViewController.h */ = {isa = PBXFileReference; fileEncoding = 4; lastKnownFileType = sourcecode.c.h; name = DoorViewController.h; path = Controllers/DoorViewController.h; sourceTree = "<group>"; };
		6F345DAC1A172BF000FC1266 /* DoorViewController.m */ = {isa = PBXFileReference; fileEncoding = 4; lastKnownFileType = sourcecode.c.objc; name = DoorViewController.m; path = Controllers/DoorViewController.m; sourceTree = "<group>"; };
		6FBA8A1F1B030F5B00C6B3C4 /* ABBeacon.h */ = {isa = PBXFileReference; fileEncoding = 4; lastKnownFileType = sourcecode.c.h; path = ABBeacon.h; sourceTree = "<group>"; };
		6FBA8A201B030F5B00C6B3C4 /* ABBeaconManager.h */ = {isa = PBXFileReference; fileEncoding = 4; lastKnownFileType = sourcecode.c.h; path = ABBeaconManager.h; sourceTree = "<group>"; };
		6FBA8A211B030F5B00C6B3C4 /* ABBeaconRegion.h */ = {isa = PBXFileReference; fileEncoding = 4; lastKnownFileType = sourcecode.c.h; path = ABBeaconRegion.h; sourceTree = "<group>"; };
		6FBA8A221B030F5B00C6B3C4 /* ABError.h */ = {isa = PBXFileReference; fileEncoding = 4; lastKnownFileType = sourcecode.c.h; path = ABError.h; sourceTree = "<group>"; };
		6FBA8A231B030F5B00C6B3C4 /* ABSensor.h */ = {isa = PBXFileReference; fileEncoding = 4; lastKnownFileType = sourcecode.c.h; path = ABSensor.h; sourceTree = "<group>"; };
		6FBA8A241B030F5B00C6B3C4 /* AprilBeaconSDK.h */ = {isa = PBXFileReference; fileEncoding = 4; lastKnownFileType = sourcecode.c.h; path = AprilBeaconSDK.h; sourceTree = "<group>"; };
		6FBA8A251B030F5B00C6B3C4 /* libAprilBeaconSDK.a */ = {isa = PBXFileReference; lastKnownFileType = archive.ar; path = libAprilBeaconSDK.a; sourceTree = "<group>"; };
		8E132F991A788C12004B5F83 /* MainViewController.h */ = {isa = PBXFileReference; fileEncoding = 4; lastKnownFileType = sourcecode.c.h; name = MainViewController.h; path = Controllers/MainViewController.h; sourceTree = "<group>"; };
		8E132F9A1A788C12004B5F83 /* MainViewController.m */ = {isa = PBXFileReference; fileEncoding = 4; lastKnownFileType = sourcecode.c.objc; name = MainViewController.m; path = Controllers/MainViewController.m; sourceTree = "<group>"; };
		8E3ABE131AFC25BD00131C02 /* ABLight.h */ = {isa = PBXFileReference; fileEncoding = 4; lastKnownFileType = sourcecode.c.h; path = ABLight.h; sourceTree = "<group>"; };
		8E3ABE141AFC25BD00131C02 /* ABLightManager.h */ = {isa = PBXFileReference; fileEncoding = 4; lastKnownFileType = sourcecode.c.h; path = ABLightManager.h; sourceTree = "<group>"; };
		8E3ABE151AFC25BD00131C02 /* ABLightSDK.h */ = {isa = PBXFileReference; fileEncoding = 4; lastKnownFileType = sourcecode.c.h; path = ABLightSDK.h; sourceTree = "<group>"; };
		8E3ABE161AFC25BD00131C02 /* libABLightSDK.a */ = {isa = PBXFileReference; lastKnownFileType = archive.ar; path = libABLightSDK.a; sourceTree = "<group>"; };
		A367F451252B55D8CB3BD42E /* Pods.debug.xcconfig */ = {isa = PBXFileReference; includeInIndex = 1; lastKnownFileType = text.xcconfig; name = Pods.debug.xcconfig; path = "Pods/Target Support Files/Pods/Pods.debug.xcconfig"; sourceTree = "<group>"; };
		B04F93D778EF4C9051AF9158 /* Pods.release.xcconfig */ = {isa = PBXFileReference; includeInIndex = 1; lastKnownFileType = text.xcconfig; name = Pods.release.xcconfig; path = "Pods/Target Support Files/Pods/Pods.release.xcconfig"; sourceTree = "<group>"; };
/* End PBXFileReference section */

/* Begin PBXFrameworksBuildPhase section */
		2AA700031A16BC5D00EF8628 /* Frameworks */ = {
			isa = PBXFrameworksBuildPhase;
			buildActionMask = 2147483647;
			files = (
			);
			runOnlyForDeploymentPostprocessing = 0;
		};
		2AA7FFEA1A16BC5D00EF8628 /* Frameworks */ = {
			isa = PBXFrameworksBuildPhase;
			buildActionMask = 2147483647;
			files = (
				2ADD7CB11A5DE07E00D1C601 /* FYX.framework in Frameworks */,
				2ADD7C8A1A5DE00900D1C601 /* Security.framework in Frameworks */,
				2ADD7CB21A5DE07E00D1C601 /* NetworkServices.framework in Frameworks */,
				2ADD7CAD1A5DE07D00D1C601 /* ContextCore.framework in Frameworks */,
				2ADD7CB01A5DE07D00D1C601 /* ContextProfiling.framework in Frameworks */,
				2ADD7C881A5DDFFF00D1C601 /* MapKit.framework in Frameworks */,
				2ADD7C861A5DDFF800D1C601 /* libz.dylib in Frameworks */,
				6FBA8A261B030F5B00C6B3C4 /* libAprilBeaconSDK.a in Frameworks */,
				2ADD7C841A5DDFEE00D1C601 /* CoreData.framework in Frameworks */,
				2ADD7CAE1A5DE07D00D1C601 /* ContextLocation.framework in Frameworks */,
				2ADD7C821A5DDFE700D1C601 /* CoreLocation.framework in Frameworks */,
				8E3ABE171AFC25BD00131C02 /* libABLightSDK.a in Frameworks */,
				2ADD7CAC1A5DE07D00D1C601 /* Common.framework in Frameworks */,
				2ADD7C801A5DDFDB00D1C601 /* CoreBluetooth.framework in Frameworks */,
				C3509CE01605A306D318759C /* libPods.a in Frameworks */,
			);
			runOnlyForDeploymentPostprocessing = 0;
		};
/* End PBXFrameworksBuildPhase section */

/* Begin PBXGroup section */
		2AA700091A16BC5D00EF8628 /* VidaHomeTests */ = {
			isa = PBXGroup;
			children = (
				2AA7000C1A16BC5D00EF8628 /* VidaHomeTests.m */,
				2AA7000A1A16BC5D00EF8628 /* Supporting Files */,
			);
			path = VidaHomeTests;
			sourceTree = "<group>";
		};
		2AA7000A1A16BC5D00EF8628 /* Supporting Files */ = {
			isa = PBXGroup;
			children = (
				2AA7000B1A16BC5D00EF8628 /* Info.plist */,
			);
			name = "Supporting Files";
			sourceTree = "<group>";
		};
		2AA7001C1A16BCFA00EF8628 /* Controllers */ = {
			isa = PBXGroup;
			children = (
				6FAC3EFC1ABF694C00ADDDF4 /* Room */,
				2ADD7CB31A5DE4D300D1C601 /* Beacon */,
				6F345DAA1A172BDD00FC1266 /* Door */,
				6F345D9E1A1718CC00FC1266 /* AirCondition */,
				6F345D921A170C1300FC1266 /* Light */,
				2AA7001D1A16BD0C00EF8628 /* CenterViewController.h */,
				2AA7001E1A16BD0C00EF8628 /* CenterViewController.m */,
				2AA700211A16BD0C00EF8628 /* SideBarViewController.h */,
				2AA700221A16BD0C00EF8628 /* SideBarViewController.m */,
				2AA700231A16BD0C00EF8628 /* SplashScreenViewController.h */,
				2AA700241A16BD0C00EF8628 /* SplashScreenViewController.m */,
				6F345D931A170C3F00FC1266 /* GenericViewController.h */,
				6F345D941A170C3F00FC1266 /* GenericViewController.m */,
				8E132F991A788C12004B5F83 /* MainViewController.h */,
				8E132F9A1A788C12004B5F83 /* MainViewController.m */,
			);
			name = Controllers;
			sourceTree = "<group>";
		};
		2AA7002D1A16BE2700EF8628 /* Models */ = {
			isa = PBXGroup;
			children = (
				2ADD7CB71A5DEAA300D1C601 /* Transmitter.h */,
				2ADD7CB81A5DEAA300D1C601 /* Transmitter.m */,
				2AA7002E1A16BE4500EF8628 /* IIViewDeckController+SharedInstance.h */,
				2AA7002F1A16BE4500EF8628 /* IIViewDeckController+SharedInstance.m */,
				2AA700301A16BE4500EF8628 /* NetworkManager */,
			);
			name = Models;
			sourceTree = "<group>";
		};
		2AA700301A16BE4500EF8628 /* NetworkManager */ = {
			isa = PBXGroup;
			children = (
				2AA700311A16BE4500EF8628 /* NetworkManager.h */,
				2AA700321A16BE4500EF8628 /* NetworkManager.m */,
			);
			name = NetworkManager;
			path = Models/NetworkManager;
			sourceTree = "<group>";
		};
		2AA7FFE41A16BC5D00EF8628 = {
			isa = PBXGroup;
			children = (
				2AA7FFEF1A16BC5D00EF8628 /* VidaHome */,
				2AA700091A16BC5D00EF8628 /* VidaHomeTests */,
				2AA7FFEE1A16BC5D00EF8628 /* Products */,
				2B621216464D702E6F78A6B1 /* Pods */,
				360AB214BAFF0AE2853DBBFB /* Frameworks */,
			);
			sourceTree = "<group>";
		};
		2AA7FFEE1A16BC5D00EF8628 /* Products */ = {
			isa = PBXGroup;
			children = (
				2AA7FFED1A16BC5D00EF8628 /* VidaHome.app */,
				2AA700061A16BC5D00EF8628 /* VidaHomeTests.xctest */,
			);
			name = Products;
			sourceTree = "<group>";
		};
		2AA7FFEF1A16BC5D00EF8628 /* VidaHome */ = {
			isa = PBXGroup;
			children = (
				6FBA8A1D1B030F5B00C6B3C4 /* AprilSDK */,
				8E3ABE111AFC25BD00131C02 /* ABLightSDK */,
				6F345DA21A17261F00FC1266 /* Views */,
				2AA7002D1A16BE2700EF8628 /* Models */,
				2AA7001C1A16BCFA00EF8628 /* Controllers */,
				2AA7FFF41A16BC5D00EF8628 /* AppDelegate.h */,
				2AA7FFF51A16BC5D00EF8628 /* AppDelegate.m */,
				2AA700161A16BC9100EF8628 /* ApplicationConstants.h */,
				2AA700171A16BC9100EF8628 /* ApplicationStyle.h */,
				2AA700181A16BC9100EF8628 /* ApplicationStyle.m */,
				2AA7002A1A16BDA200EF8628 /* Convenience.h */,
				2AA7002B1A16BDA200EF8628 /* Convenience.m */,
				2AA7FFF01A16BC5D00EF8628 /* Supporting Files */,
			);
			path = VidaHome;
			sourceTree = "<group>";
		};
		2AA7FFF01A16BC5D00EF8628 /* Supporting Files */ = {
			isa = PBXGroup;
			children = (
				2AA7FFFD1A16BC5D00EF8628 /* Images.xcassets */,
				2AA7FFF11A16BC5D00EF8628 /* Info.plist */,
				2AA700291A16BD2100EF8628 /* Vida.pch */,
				2AA7FFF21A16BC5D00EF8628 /* main.m */,
			);
			name = "Supporting Files";
			sourceTree = "<group>";
		};
		2ADD7C9F1A5DE07D00D1C601 /* Common.embeddedframework */ = {
			isa = PBXGroup;
			children = (
				2ADD7CA01A5DE07D00D1C601 /* Common.framework */,
			);
			path = Common.embeddedframework;
			sourceTree = "<group>";
		};
		2ADD7CA11A5DE07D00D1C601 /* ContextCore.embeddedframework */ = {
			isa = PBXGroup;
			children = (
				2ADD7CA21A5DE07D00D1C601 /* ContextCore.framework */,
			);
			path = ContextCore.embeddedframework;
			sourceTree = "<group>";
		};
		2ADD7CA31A5DE07D00D1C601 /* ContextLocation.embeddedframework */ = {
			isa = PBXGroup;
			children = (
				2ADD7CA41A5DE07D00D1C601 /* ContextLocation.framework */,
				2ADD7CA51A5DE07D00D1C601 /* Resources */,
			);
			path = ContextLocation.embeddedframework;
			sourceTree = "<group>";
		};
		2ADD7CA51A5DE07D00D1C601 /* Resources */ = {
			isa = PBXGroup;
			children = (
				2ADD7CA61A5DE07D00D1C601 /* DataModels.bundle */,
			);
			path = Resources;
			sourceTree = "<group>";
		};
		2ADD7CA71A5DE07D00D1C601 /* ContextProfiling.embeddedframework */ = {
			isa = PBXGroup;
			children = (
				2ADD7CA81A5DE07D00D1C601 /* ContextProfiling.framework */,
			);
			path = ContextProfiling.embeddedframework;
			sourceTree = "<group>";
		};
		2ADD7CAA1A5DE07D00D1C601 /* NetworkServices.embeddedframework */ = {
			isa = PBXGroup;
			children = (
				2ADD7CAB1A5DE07D00D1C601 /* NetworkServices.framework */,
			);
			path = NetworkServices.embeddedframework;
			sourceTree = "<group>";
		};
		2ADD7CB31A5DE4D300D1C601 /* Beacon */ = {
			isa = PBXGroup;
			children = (
				2ADD7CB41A5DE4FB00D1C601 /* BeaconViewController.h */,
				2ADD7CB51A5DE4FB00D1C601 /* BeaconViewController.m */,
			);
			name = Beacon;
			sourceTree = "<group>";
		};
		2B621216464D702E6F78A6B1 /* Pods */ = {
			isa = PBXGroup;
			children = (
				A367F451252B55D8CB3BD42E /* Pods.debug.xcconfig */,
				B04F93D778EF4C9051AF9158 /* Pods.release.xcconfig */,
			);
			name = Pods;
			sourceTree = "<group>";
		};
		360AB214BAFF0AE2853DBBFB /* Frameworks */ = {
			isa = PBXGroup;
			children = (
				2ADD7C9F1A5DE07D00D1C601 /* Common.embeddedframework */,
				2ADD7CA11A5DE07D00D1C601 /* ContextCore.embeddedframework */,
				2ADD7CA31A5DE07D00D1C601 /* ContextLocation.embeddedframework */,
				2ADD7CA71A5DE07D00D1C601 /* ContextProfiling.embeddedframework */,
				2ADD7CA91A5DE07D00D1C601 /* FYX.framework */,
				2ADD7CAA1A5DE07D00D1C601 /* NetworkServices.embeddedframework */,
				2ADD7C891A5DE00900D1C601 /* Security.framework */,
				2ADD7C871A5DDFFF00D1C601 /* MapKit.framework */,
				2ADD7C851A5DDFF800D1C601 /* libz.dylib */,
				2ADD7C831A5DDFEE00D1C601 /* CoreData.framework */,
				2ADD7C811A5DDFE700D1C601 /* CoreLocation.framework */,
				2ADD7C7F1A5DDFDB00D1C601 /* CoreBluetooth.framework */,
				2ADD7C7D1A5DDF5000D1C601 /* NetworkServices.framework */,
				2ADD7C7B1A5DDF4300D1C601 /* FYX.framework */,
				2ADD7C791A5DDF3700D1C601 /* ContextLocation.framework */,
				2ADD7C771A5DDF2800D1C601 /* ContextCore.framework */,
				2ADD7C751A5DDF0400D1C601 /* Common.framework */,
				1744B4536F593E19B7F7DD9F /* libPods.a */,
			);
			name = Frameworks;
			sourceTree = "<group>";
		};
		6F345D921A170C1300FC1266 /* Light */ = {
			isa = PBXGroup;
			children = (
				2AA7001F1A16BD0C00EF8628 /* LightViewController.h */,
				2AA700201A16BD0C00EF8628 /* LightViewController.m */,
				6F345D9B1A170CAD00FC1266 /* ColorPickerViewController.h */,
				6F345D9C1A170CAD00FC1266 /* ColorPickerViewController.m */,
			);
			name = Light;
			sourceTree = "<group>";
		};
		6F345D9E1A1718CC00FC1266 /* AirCondition */ = {
			isa = PBXGroup;
			children = (
				6F345D9F1A1718F200FC1266 /* ACViewController.h */,
				6F345DA01A1718F200FC1266 /* ACViewController.m */,
			);
			name = AirCondition;
			sourceTree = "<group>";
		};
		6F345DA21A17261F00FC1266 /* Views */ = {
			isa = PBXGroup;
			children = (
				6F345DA31A17261F00FC1266 /* PlusMinusButton */,
				2ADD7CBA1A5DEBE900D1C601 /* BeaconTableViewCell.h */,
				2ADD7CBB1A5DEBE900D1C601 /* BeaconTableViewCell.m */,
			);
			path = Views;
			sourceTree = "<group>";
		};
		6F345DA31A17261F00FC1266 /* PlusMinusButton */ = {
			isa = PBXGroup;
			children = (
				6F345DA41A17261F00FC1266 /* PlusMinusButton.h */,
				6F345DA51A17261F00FC1266 /* PlusMinusButton.m */,
				6F345DA61A17261F00FC1266 /* PlusMinusButtonView.h */,
				6F345DA71A17261F00FC1266 /* PlusMinusButtonView.m */,
			);
			path = PlusMinusButton;
			sourceTree = "<group>";
		};
		6F345DAA1A172BDD00FC1266 /* Door */ = {
			isa = PBXGroup;
			children = (
				6F345DAB1A172BF000FC1266 /* DoorViewController.h */,
				6F345DAC1A172BF000FC1266 /* DoorViewController.m */,
			);
			name = Door;
			sourceTree = "<group>";
		};
		6FAC3EFC1ABF694C00ADDDF4 /* Room */ = {
			isa = PBXGroup;
			children = (
			);
			name = Room;
			sourceTree = "<group>";
		};
		6FBA8A1D1B030F5B00C6B3C4 /* AprilSDK */ = {
			isa = PBXGroup;
			children = (
				6FBA8A1E1B030F5B00C6B3C4 /* Headers */,
				6FBA8A251B030F5B00C6B3C4 /* libAprilBeaconSDK.a */,
			);
			path = AprilSDK;
			sourceTree = "<group>";
		};
		6FBA8A1E1B030F5B00C6B3C4 /* Headers */ = {
			isa = PBXGroup;
			children = (
				6FBA8A1F1B030F5B00C6B3C4 /* ABBeacon.h */,
				6FBA8A201B030F5B00C6B3C4 /* ABBeaconManager.h */,
				6FBA8A211B030F5B00C6B3C4 /* ABBeaconRegion.h */,
				6FBA8A221B030F5B00C6B3C4 /* ABError.h */,
				6FBA8A231B030F5B00C6B3C4 /* ABSensor.h */,
				6FBA8A241B030F5B00C6B3C4 /* AprilBeaconSDK.h */,
			);
			path = Headers;
			sourceTree = "<group>";
		};
		8E3ABE111AFC25BD00131C02 /* ABLightSDK */ = {
			isa = PBXGroup;
			children = (
				8E3ABE121AFC25BD00131C02 /* Headers */,
				8E3ABE161AFC25BD00131C02 /* libABLightSDK.a */,
			);
			path = ABLightSDK;
			sourceTree = "<group>";
		};
		8E3ABE121AFC25BD00131C02 /* Headers */ = {
			isa = PBXGroup;
			children = (
				8E3ABE131AFC25BD00131C02 /* ABLight.h */,
				8E3ABE141AFC25BD00131C02 /* ABLightManager.h */,
				8E3ABE151AFC25BD00131C02 /* ABLightSDK.h */,
			);
			path = Headers;
			sourceTree = "<group>";
		};
/* End PBXGroup section */

/* Begin PBXNativeTarget section */
		2AA700051A16BC5D00EF8628 /* VidaHomeTests */ = {
			isa = PBXNativeTarget;
			buildConfigurationList = 2AA700131A16BC5D00EF8628 /* Build configuration list for PBXNativeTarget "VidaHomeTests" */;
			buildPhases = (
				2AA700021A16BC5D00EF8628 /* Sources */,
				2AA700031A16BC5D00EF8628 /* Frameworks */,
				2AA700041A16BC5D00EF8628 /* Resources */,
			);
			buildRules = (
			);
			dependencies = (
				2AA700081A16BC5D00EF8628 /* PBXTargetDependency */,
			);
			name = VidaHomeTests;
			productName = VidaHomeTests;
			productReference = 2AA700061A16BC5D00EF8628 /* VidaHomeTests.xctest */;
			productType = "com.apple.product-type.bundle.unit-test";
		};
		2AA7FFEC1A16BC5D00EF8628 /* VidaHome */ = {
			isa = PBXNativeTarget;
			buildConfigurationList = 2AA700101A16BC5D00EF8628 /* Build configuration list for PBXNativeTarget "VidaHome" */;
			buildPhases = (
				37348A0CD2F75FA95D284B1D /* Check Pods Manifest.lock */,
				2AA7FFE91A16BC5D00EF8628 /* Sources */,
				2AA7FFEA1A16BC5D00EF8628 /* Frameworks */,
				2AA7FFEB1A16BC5D00EF8628 /* Resources */,
				035D68170290CDB7F47F2686 /* Copy Pods Resources */,
			);
			buildRules = (
			);
			dependencies = (
			);
			name = VidaHome;
			productName = VidaHome;
			productReference = 2AA7FFED1A16BC5D00EF8628 /* VidaHome.app */;
			productType = "com.apple.product-type.application";
		};
/* End PBXNativeTarget section */

/* Begin PBXProject section */
		2AA7FFE51A16BC5D00EF8628 /* Project object */ = {
			isa = PBXProject;
			attributes = {
				LastUpgradeCheck = 0610;
				ORGANIZATIONNAME = Vida;
				TargetAttributes = {
					2AA700051A16BC5D00EF8628 = {
						CreatedOnToolsVersion = 6.1;
						TestTargetID = 2AA7FFEC1A16BC5D00EF8628;
					};
					2AA7FFEC1A16BC5D00EF8628 = {
						CreatedOnToolsVersion = 6.1;
						DevelopmentTeam = M7RGP2CK5Y;
					};
				};
			};
			buildConfigurationList = 2AA7FFE81A16BC5D00EF8628 /* Build configuration list for PBXProject "VidaHome" */;
			compatibilityVersion = "Xcode 3.2";
			developmentRegion = English;
			hasScannedForEncodings = 0;
			knownRegions = (
				en,
				Base,
			);
			mainGroup = 2AA7FFE41A16BC5D00EF8628;
			productRefGroup = 2AA7FFEE1A16BC5D00EF8628 /* Products */;
			projectDirPath = "";
			projectRoot = "";
			targets = (
				2AA7FFEC1A16BC5D00EF8628 /* VidaHome */,
				2AA700051A16BC5D00EF8628 /* VidaHomeTests */,
			);
		};
/* End PBXProject section */

/* Begin PBXResourcesBuildPhase section */
		2AA700041A16BC5D00EF8628 /* Resources */ = {
			isa = PBXResourcesBuildPhase;
			buildActionMask = 2147483647;
			files = (
			);
			runOnlyForDeploymentPostprocessing = 0;
		};
		2AA7FFEB1A16BC5D00EF8628 /* Resources */ = {
			isa = PBXResourcesBuildPhase;
			buildActionMask = 2147483647;
			files = (
				2AA7FFFE1A16BC5D00EF8628 /* Images.xcassets in Resources */,
				2ADD7CAF1A5DE07D00D1C601 /* DataModels.bundle in Resources */,
			);
			runOnlyForDeploymentPostprocessing = 0;
		};
/* End PBXResourcesBuildPhase section */

/* Begin PBXShellScriptBuildPhase section */
		035D68170290CDB7F47F2686 /* Copy Pods Resources */ = {
			isa = PBXShellScriptBuildPhase;
			buildActionMask = 2147483647;
			files = (
			);
			inputPaths = (
			);
			name = "Copy Pods Resources";
			outputPaths = (
			);
			runOnlyForDeploymentPostprocessing = 0;
			shellPath = /bin/sh;
			shellScript = "\"${SRCROOT}/Pods/Target Support Files/Pods/Pods-resources.sh\"\n";
			showEnvVarsInLog = 0;
		};
		37348A0CD2F75FA95D284B1D /* Check Pods Manifest.lock */ = {
			isa = PBXShellScriptBuildPhase;
			buildActionMask = 2147483647;
			files = (
			);
			inputPaths = (
			);
			name = "Check Pods Manifest.lock";
			outputPaths = (
			);
			runOnlyForDeploymentPostprocessing = 0;
			shellPath = /bin/sh;
			shellScript = "diff \"${PODS_ROOT}/../Podfile.lock\" \"${PODS_ROOT}/Manifest.lock\" > /dev/null\nif [[ $? != 0 ]] ; then\n    cat << EOM\nerror: The sandbox is not in sync with the Podfile.lock. Run 'pod install' or update your CocoaPods installation.\nEOM\n    exit 1\nfi\n";
			showEnvVarsInLog = 0;
		};
/* End PBXShellScriptBuildPhase section */

/* Begin PBXSourcesBuildPhase section */
		2AA700021A16BC5D00EF8628 /* Sources */ = {
			isa = PBXSourcesBuildPhase;
			buildActionMask = 2147483647;
			files = (
				2AA7000D1A16BC5D00EF8628 /* VidaHomeTests.m in Sources */,
			);
			runOnlyForDeploymentPostprocessing = 0;
		};
		2AA7FFE91A16BC5D00EF8628 /* Sources */ = {
			isa = PBXSourcesBuildPhase;
			buildActionMask = 2147483647;
			files = (
				2AA700331A16BE4500EF8628 /* IIViewDeckController+SharedInstance.m in Sources */,
				6F345D951A170C3F00FC1266 /* GenericViewController.m in Sources */,
				6F345DAD1A172BF000FC1266 /* DoorViewController.m in Sources */,
				8E132F9B1A788C12004B5F83 /* MainViewController.m in Sources */,
				2AA7FFF61A16BC5D00EF8628 /* AppDelegate.m in Sources */,
				6F345DA11A1718F200FC1266 /* ACViewController.m in Sources */,
				2AA700281A16BD0C00EF8628 /* SplashScreenViewController.m in Sources */,
				2AA700261A16BD0C00EF8628 /* LightViewController.m in Sources */,
				6F345DA91A17261F00FC1266 /* PlusMinusButtonView.m in Sources */,
				2AA700251A16BD0C00EF8628 /* CenterViewController.m in Sources */,
				2AA700271A16BD0C00EF8628 /* SideBarViewController.m in Sources */,
				2AA7002C1A16BDA200EF8628 /* Convenience.m in Sources */,
				2AA700191A16BC9100EF8628 /* ApplicationStyle.m in Sources */,
				2ADD7CBC1A5DEBE900D1C601 /* BeaconTableViewCell.m in Sources */,
				2AA700341A16BE4500EF8628 /* NetworkManager.m in Sources */,
				6F345D9D1A170CAD00FC1266 /* ColorPickerViewController.m in Sources */,
				6F345DA81A17261F00FC1266 /* PlusMinusButton.m in Sources */,
				2ADD7CB91A5DEAA300D1C601 /* Transmitter.m in Sources */,
				2AA7FFF31A16BC5D00EF8628 /* main.m in Sources */,
				2ADD7CB61A5DE4FB00D1C601 /* BeaconViewController.m in Sources */,
			);
			runOnlyForDeploymentPostprocessing = 0;
		};
/* End PBXSourcesBuildPhase section */

/* Begin PBXTargetDependency section */
		2AA700081A16BC5D00EF8628 /* PBXTargetDependency */ = {
			isa = PBXTargetDependency;
			target = 2AA7FFEC1A16BC5D00EF8628 /* VidaHome */;
			targetProxy = 2AA700071A16BC5D00EF8628 /* PBXContainerItemProxy */;
		};
/* End PBXTargetDependency section */

/* Begin XCBuildConfiguration section */
		2AA7000E1A16BC5D00EF8628 /* Debug */ = {
			isa = XCBuildConfiguration;
			buildSettings = {
				ALWAYS_SEARCH_USER_PATHS = NO;
				CLANG_CXX_LANGUAGE_STANDARD = "gnu++0x";
				CLANG_CXX_LIBRARY = "libc++";
				CLANG_ENABLE_MODULES = YES;
				CLANG_ENABLE_OBJC_ARC = YES;
				CLANG_WARN_BOOL_CONVERSION = YES;
				CLANG_WARN_CONSTANT_CONVERSION = YES;
				CLANG_WARN_DIRECT_OBJC_ISA_USAGE = YES_ERROR;
				CLANG_WARN_EMPTY_BODY = YES;
				CLANG_WARN_ENUM_CONVERSION = YES;
				CLANG_WARN_INT_CONVERSION = YES;
				CLANG_WARN_OBJC_ROOT_CLASS = YES_ERROR;
				CLANG_WARN_UNREACHABLE_CODE = YES;
				CLANG_WARN__DUPLICATE_METHOD_MATCH = YES;
				"CODE_SIGN_IDENTITY[sdk=iphoneos*]" = "iPhone Developer";
				COPY_PHASE_STRIP = NO;
				ENABLE_STRICT_OBJC_MSGSEND = YES;
				GCC_C_LANGUAGE_STANDARD = gnu99;
				GCC_DYNAMIC_NO_PIC = NO;
				GCC_OPTIMIZATION_LEVEL = 0;
				GCC_PREPROCESSOR_DEFINITIONS = (
					"DEBUG=1",
					"$(inherited)",
				);
				GCC_SYMBOLS_PRIVATE_EXTERN = NO;
				GCC_WARN_64_TO_32_BIT_CONVERSION = YES;
				GCC_WARN_ABOUT_RETURN_TYPE = YES_ERROR;
				GCC_WARN_UNDECLARED_SELECTOR = YES;
				GCC_WARN_UNINITIALIZED_AUTOS = YES_AGGRESSIVE;
				GCC_WARN_UNUSED_FUNCTION = YES;
				GCC_WARN_UNUSED_VARIABLE = YES;
				IPHONEOS_DEPLOYMENT_TARGET = 8.1;
				MTL_ENABLE_DEBUG_INFO = YES;
				ONLY_ACTIVE_ARCH = YES;
				SDKROOT = iphoneos;
			};
			name = Debug;
		};
		2AA7000F1A16BC5D00EF8628 /* Release */ = {
			isa = XCBuildConfiguration;
			buildSettings = {
				ALWAYS_SEARCH_USER_PATHS = NO;
				CLANG_CXX_LANGUAGE_STANDARD = "gnu++0x";
				CLANG_CXX_LIBRARY = "libc++";
				CLANG_ENABLE_MODULES = YES;
				CLANG_ENABLE_OBJC_ARC = YES;
				CLANG_WARN_BOOL_CONVERSION = YES;
				CLANG_WARN_CONSTANT_CONVERSION = YES;
				CLANG_WARN_DIRECT_OBJC_ISA_USAGE = YES_ERROR;
				CLANG_WARN_EMPTY_BODY = YES;
				CLANG_WARN_ENUM_CONVERSION = YES;
				CLANG_WARN_INT_CONVERSION = YES;
				CLANG_WARN_OBJC_ROOT_CLASS = YES_ERROR;
				CLANG_WARN_UNREACHABLE_CODE = YES;
				CLANG_WARN__DUPLICATE_METHOD_MATCH = YES;
				"CODE_SIGN_IDENTITY[sdk=iphoneos*]" = "iPhone Developer";
				COPY_PHASE_STRIP = YES;
				ENABLE_NS_ASSERTIONS = NO;
				ENABLE_STRICT_OBJC_MSGSEND = YES;
				GCC_C_LANGUAGE_STANDARD = gnu99;
				GCC_WARN_64_TO_32_BIT_CONVERSION = YES;
				GCC_WARN_ABOUT_RETURN_TYPE = YES_ERROR;
				GCC_WARN_UNDECLARED_SELECTOR = YES;
				GCC_WARN_UNINITIALIZED_AUTOS = YES_AGGRESSIVE;
				GCC_WARN_UNUSED_FUNCTION = YES;
				GCC_WARN_UNUSED_VARIABLE = YES;
				IPHONEOS_DEPLOYMENT_TARGET = 8.1;
				MTL_ENABLE_DEBUG_INFO = NO;
				SDKROOT = iphoneos;
				VALIDATE_PRODUCT = YES;
			};
			name = Release;
		};
		2AA700111A16BC5D00EF8628 /* Debug */ = {
			isa = XCBuildConfiguration;
			baseConfigurationReference = A367F451252B55D8CB3BD42E /* Pods.debug.xcconfig */;
			buildSettings = {
				ASSETCATALOG_COMPILER_APPICON_NAME = AppIcon;
				CODE_SIGN_IDENTITY = "iPhone Developer";
				FRAMEWORK_SEARCH_PATHS = (
					"$(inherited)",
					/Users/Wenqi/Downloads/gimbalsdk_1.29.1_ios/Frameworks/Common.embeddedframework,
					/Users/Wenqi/Downloads/gimbalsdk_1.29.1_ios/Frameworks/ContextCore.embeddedframework,
					/Users/Wenqi/Downloads/gimbalsdk_1.29.1_ios/Frameworks/ContextLocation.embeddedframework,
					/Users/Wenqi/Downloads/gimbalsdk_1.29.1_ios/Frameworks,
					/Users/Wenqi/Downloads/gimbalsdk_1.29.1_ios/Frameworks/NetworkServices.embeddedframework,
					/Users/Wenqi/Downloads/gimbalsdk_1.29.1_ios/Frameworks/ContextProfiling.embeddedframework,
					"$(PROJECT_DIR)/Common.embeddedframework",
					"$(PROJECT_DIR)/ContextCore.embeddedframework",
					"$(PROJECT_DIR)/ContextLocation.embeddedframework",
					"$(PROJECT_DIR)/ContextProfiling.embeddedframework",
					"$(PROJECT_DIR)",
					"$(PROJECT_DIR)/NetworkServices.embeddedframework",
				);
				GCC_PREFIX_HEADER = VidaHome/Vida.pch;
				INFOPLIST_FILE = VidaHome/Info.plist;
				IPHONEOS_DEPLOYMENT_TARGET = 8.0;
				LD_RUNPATH_SEARCH_PATHS = "$(inherited) @executable_path/Frameworks";
				LIBRARY_SEARCH_PATHS = (
					"$(inherited)",
					"$(PROJECT_DIR)/VidaHome/ABLightSDK",
					"$(PROJECT_DIR)/VidaHome/AprilSDK",
				);
				PRODUCT_NAME = "$(TARGET_NAME)";
				TARGETED_DEVICE_FAMILY = 1;
			};
			name = Debug;
		};
		2AA700121A16BC5D00EF8628 /* Release */ = {
			isa = XCBuildConfiguration;
			baseConfigurationReference = B04F93D778EF4C9051AF9158 /* Pods.release.xcconfig */;
			buildSettings = {
				ASSETCATALOG_COMPILER_APPICON_NAME = AppIcon;
				CODE_SIGN_IDENTITY = "iPhone Developer";
				FRAMEWORK_SEARCH_PATHS = (
					"$(inherited)",
					/Users/Wenqi/Downloads/gimbalsdk_1.29.1_ios/Frameworks/Common.embeddedframework,
					/Users/Wenqi/Downloads/gimbalsdk_1.29.1_ios/Frameworks/ContextCore.embeddedframework,
					/Users/Wenqi/Downloads/gimbalsdk_1.29.1_ios/Frameworks/ContextLocation.embeddedframework,
					/Users/Wenqi/Downloads/gimbalsdk_1.29.1_ios/Frameworks,
					/Users/Wenqi/Downloads/gimbalsdk_1.29.1_ios/Frameworks/NetworkServices.embeddedframework,
					/Users/Wenqi/Downloads/gimbalsdk_1.29.1_ios/Frameworks/ContextProfiling.embeddedframework,
					"$(PROJECT_DIR)/Common.embeddedframework",
					"$(PROJECT_DIR)/ContextCore.embeddedframework",
					"$(PROJECT_DIR)/ContextLocation.embeddedframework",
					"$(PROJECT_DIR)/ContextProfiling.embeddedframework",
					"$(PROJECT_DIR)",
					"$(PROJECT_DIR)/NetworkServices.embeddedframework",
				);
				GCC_PREFIX_HEADER = VidaHome/Vida.pch;
				INFOPLIST_FILE = VidaHome/Info.plist;
				IPHONEOS_DEPLOYMENT_TARGET = 8.0;
				LD_RUNPATH_SEARCH_PATHS = "$(inherited) @executable_path/Frameworks";
				LIBRARY_SEARCH_PATHS = (
					"$(inherited)",
					"$(PROJECT_DIR)/VidaHome/ABLightSDK",
					"$(PROJECT_DIR)/VidaHome/AprilSDK",
				);
				PRODUCT_NAME = "$(TARGET_NAME)";
				TARGETED_DEVICE_FAMILY = 1;
			};
			name = Release;
		};
		2AA700141A16BC5D00EF8628 /* Debug */ = {
			isa = XCBuildConfiguration;
			buildSettings = {
				BUNDLE_LOADER = "$(TEST_HOST)";
				FRAMEWORK_SEARCH_PATHS = (
					"$(SDKROOT)/Developer/Library/Frameworks",
					"$(inherited)",
				);
				GCC_PREPROCESSOR_DEFINITIONS = (
					"DEBUG=1",
					"$(inherited)",
				);
				INFOPLIST_FILE = VidaHomeTests/Info.plist;
				LD_RUNPATH_SEARCH_PATHS = "$(inherited) @executable_path/Frameworks @loader_path/Frameworks";
				PRODUCT_NAME = "$(TARGET_NAME)";
				TEST_HOST = "$(BUILT_PRODUCTS_DIR)/VidaHome.app/VidaHome";
			};
			name = Debug;
		};
		2AA700151A16BC5D00EF8628 /* Release */ = {
			isa = XCBuildConfiguration;
			buildSettings = {
				BUNDLE_LOADER = "$(TEST_HOST)";
				FRAMEWORK_SEARCH_PATHS = (
					"$(SDKROOT)/Developer/Library/Frameworks",
					"$(inherited)",
				);
				INFOPLIST_FILE = VidaHomeTests/Info.plist;
				LD_RUNPATH_SEARCH_PATHS = "$(inherited) @executable_path/Frameworks @loader_path/Frameworks";
				PRODUCT_NAME = "$(TARGET_NAME)";
				TEST_HOST = "$(BUILT_PRODUCTS_DIR)/VidaHome.app/VidaHome";
			};
			name = Release;
		};
/* End XCBuildConfiguration section */

/* Begin XCConfigurationList section */
		2AA700101A16BC5D00EF8628 /* Build configuration list for PBXNativeTarget "VidaHome" */ = {
			isa = XCConfigurationList;
			buildConfigurations = (
				2AA700111A16BC5D00EF8628 /* Debug */,
				2AA700121A16BC5D00EF8628 /* Release */,
			);
			defaultConfigurationIsVisible = 0;
			defaultConfigurationName = Release;
		};
		2AA700131A16BC5D00EF8628 /* Build configuration list for PBXNativeTarget "VidaHomeTests" */ = {
			isa = XCConfigurationList;
			buildConfigurations = (
				2AA700141A16BC5D00EF8628 /* Debug */,
				2AA700151A16BC5D00EF8628 /* Release */,
			);
			defaultConfigurationIsVisible = 0;
			defaultConfigurationName = Release;
		};
		2AA7FFE81A16BC5D00EF8628 /* Build configuration list for PBXProject "VidaHome" */ = {
			isa = XCConfigurationList;
			buildConfigurations = (
				2AA7000E1A16BC5D00EF8628 /* Debug */,
				2AA7000F1A16BC5D00EF8628 /* Release */,
			);
			defaultConfigurationIsVisible = 0;
			defaultConfigurationName = Release;
		};
/* End XCConfigurationList section */
	};
	rootObject = 2AA7FFE51A16BC5D00EF8628 /* Project object */;
}
